{
  "pins" : [
    {
      "identity" : "alamofire",
      "kind" : "remoteSourceControl",
      "location" : "https://github.com/Alamofire/Alamofire.git",
      "state" : {
        "revision" : "e938f8c66708e7352fc7e3512647fa54255b267a",
        "version" : "5.11.2"
      }
    },
    {
      "identity" : "argmax-oss-swift",
      "kind" : "remoteSourceControl",
      "location" : "https://github.com/argmaxinc/argmax-oss-swift",
      "state" : {
        "revision" : "25c62997041c134b03ca82731ce2f6fd2cae1eb9",
        "version" : "1.0.0"
      }
    },
    {
      "identity" : "coretextswift",
      "kind" : "remoteSourceControl",
      "location" : "https://github.com/krzyzanowskim/CoreTextSwift",
      "state" : {
        "revision" : "833177201d6421e6322296f39fce6ff6ae52618a",
        "version" : "0.2.0"
      }
    },
    {
      "identity" : "keyboardshortcuts",
      "kind" : "remoteSourceControl",
      "location" : "https://github.com/sindresorhus/KeyboardShortcuts",
      "state" : {
        "revision" : "1aef85578fdd4f9eaeeb8d53b7b4fc31bf08fe27",
        "version" : "2.4.0"
      }
    },
    {
      "identity" : "pathkit",
      "kind" : "remoteSourceControl",
      "location" : "https://github.com/kylef/PathKit.git",
      "state" : {
        "revision" : "3bfd2737b700b9a36565a8c94f4ad2b050a5e574",
        "version" : "1.0.1"
      }
    },
    {
      "identity" : "sparkle",
      "kind" : "remoteSourceControl",
      "location" : "https://github.com/sparkle-project/Sparkle",
      "state" : {
        "revision" : "066e75a8b3e99962685d6a90cdd5293ebffd9261",
        "version" : "2.9.1"
      }
    },
    {
      "identity" : "spectre",
      "kind" : "remoteSourceControl",
      "location" : "https://github.com/kylef/Spectre.git",
      "state" : {
        "revision" : "26cc5e9ae0947092c7139ef7ba612e34646086c7",
        "version" : "0.10.1"
      }
    },
    {
      "identity" : "stencil",
      "kind" : "remoteSourceControl",
      "location" : "https://github.com/stencilproject/Stencil.git",
      "state" : {
        "revision" : "4f222ac85d673f35df29962fc4c36ccfdaf9da5b",
        "version" : "0.15.1"
      }
    },
    {
      "identity" : "sttextkitplus",
      "kind" : "remoteSourceControl",
      "location" : "https://github.com/krzyzanowskim/STTextKitPlus",
      "state" : {
        "revision" : "2ee74906f4d753458eeaa9a2f6d4538aacb86a1d",
        "version" : "0.3.0"
      }
    },
    {
      "identity" : "sttextview",
      "kind" : "remoteSourceControl",
      "location" : "https://github.com/krzyzanowskim/STTextView",
      "state" : {
        "revision" : "8569251785daf1f0310eaa9235d1254264f0d249",
        "version" : "2.3.10"
      }
    },
    {
      "identity" : "swift-argument-parser",
      "kind" : "remoteSourceControl",
      "location" : "https://github.com/apple/swift-argument-parser.git",
      "state" : {
        "revision" : "6a52f3251125d74daf04fcbd5e6f08a75d074382",
        "version" : "1.8.2"
      }
    },
    {
      "identity" : "tomlkit",
      "kind" : "remoteSourceControl",
      "location" : "https://github.com/LebJe/TOMLKit.git",
      "state" : {
        "revision" : "ec6198d37d495efc6acd4dffbd262cdca7ff9b3f",
        "version" : "0.6.0"
      }
    }
  ],
  "version" : 2
}
