// !$*UTF8*$!
{
	archiveVersion = 1;
	classes = {
	};
	objectVersion = 77;
	objects = {

/* Begin PBXBuildFile section */
		11953DAC2FA4E20000ED707B /* FluidAudio in Frameworks */ = {isa = PBXBuildFile; productRef = 11953DAB2FA4E20000ED707B /* FluidAudio */; };
		11953DB02FA5000000ED707B /* whisper in Frameworks */ = {isa = PBXBuildFile; productRef = 11953DB12FA5000000ED707B /* whisper */; };
		11953DB42FA5300000ED707B /* KeyboardShortcuts in Frameworks */ = {isa = PBXBuildFile; productRef = 11953DB62FA5300000ED707B /* KeyboardShortcuts */; };
		11953DB82FA5E00000ED707B /* Alamofire in Frameworks */ = {isa = PBXBuildFile; productRef = 11953DB72FA5E00000ED707B /* Alamofire */; };
		11953DBC2FA7000000ED707B /* Sparkle in Frameworks */ = {isa = PBXBuildFile; productRef = 11953DBB2FA7000000ED707B /* Sparkle */; };
		11953DBE2FA7200000ED707B /* TOMLKit in Frameworks */ = {isa = PBXBuildFile; productRef = 11953DBF2FA7200000ED707B /* TOMLKit */; };
		11953DC12FA7200000ED707B /* Stencil in Frameworks */ = {isa = PBXBuildFile; productRef = 11953DC22FA7200000ED707B /* Stencil */; };
/* End PBXBuildFile section */

/* Begin PBXContainerItemProxy section */
		11953D842FA4D47E00ED707B /* PBXContainerItemProxy */ = {
			isa = PBXContainerItemProxy;
			containerPortal = 11953D6E2FA4D47A00ED707B /* Project object */;
			proxyType = 1;
			remoteGlobalIDString = 11953D752FA4D47A00ED707B;
			remoteInfo = VoicePen;
		};
		11953D8E2FA4D47E00ED707B /* PBXContainerItemProxy */ = {
			isa = PBXContainerItemProxy;
			containerPortal = 11953D6E2FA4D47A00ED707B /* Project object */;
			proxyType = 1;
			remoteGlobalIDString = 11953D752FA4D47A00ED707B;
			remoteInfo = VoicePen;
		};
/* End PBXContainerItemProxy section */

/* Begin PBXFileReference section */
		11953D762FA4D47A00ED707B /* VoicePen.app */ = {isa = PBXFileReference; explicitFileType = wrapper.application; includeInIndex = 0; path = VoicePen.app; sourceTree = BUILT_PRODUCTS_DIR; };
		11953D832FA4D47E00ED707B /* VoicePenIntegrationTests.xctest */ = {isa = PBXFileReference; explicitFileType = wrapper.cfbundle; includeInIndex = 0; path = VoicePenIntegrationTests.xctest; sourceTree = BUILT_PRODUCTS_DIR; };
		11953D8D2FA4D47E00ED707B /* VoicePenUITests.xctest */ = {isa = PBXFileReference; explicitFileType = wrapper.cfbundle; includeInIndex = 0; path = VoicePenUITests.xctest; sourceTree = BUILT_PRODUCTS_DIR; };
/* End PBXFileReference section */

/* Begin PBXFileSystemSynchronizedRootGroup section */
		11953D782FA4D47A00ED707B /* VoicePen */ = {
			isa = PBXFileSystemSynchronizedRootGroup;
			path = VoicePen;
			sourceTree = "<group>";
		};
		11953D862FA4D47E00ED707B /* VoicePenIntegrationTests */ = {
			isa = PBXFileSystemSynchronizedRootGroup;
			path = VoicePenIntegrationTests;
			sourceTree = "<group>";
		};
		11953D902FA4D47E00ED707B /* VoicePenUITests */ = {
			isa = PBXFileSystemSynchronizedRootGroup;
			path = VoicePenUITests;
			sourceTree = "<group>";
		};
/* End PBXFileSystemSynchronizedRootGroup section */

/* Begin PBXFrameworksBuildPhase section */
		11953D732FA4D47A00ED707B /* Frameworks */ = {
			isa = PBXFrameworksBuildPhase;
			buildActionMask = 2147483647;
			files = (
				11953DAC2FA4E20000ED707B /* FluidAudio in Frameworks */,
				11953DB02FA5000000ED707B /* whisper in Frameworks */,
				11953DB42FA5300000ED707B /* KeyboardShortcuts in Frameworks */,
				11953DB82FA5E00000ED707B /* Alamofire in Frameworks */,
				11953DBC2FA7000000ED707B /* Sparkle in Frameworks */,
				11953DBE2FA7200000ED707B /* TOMLKit in Frameworks */,
				11953DC12FA7200000ED707B /* Stencil in Frameworks */,
			);
			runOnlyForDeploymentPostprocessing = 0;
		};
		11953D802FA4D47E00ED707B /* Frameworks */ = {
			isa = PBXFrameworksBuildPhase;
			buildActionMask = 2147483647;
			files = (
			);
			runOnlyForDeploymentPostprocessing = 0;
		};
		11953D8A2FA4D47E00ED707B /* Frameworks */ = {
			isa = PBXFrameworksBuildPhase;
			buildActionMask = 2147483647;
			files = (
			);
			runOnlyForDeploymentPostprocessing = 0;
		};
/* End PBXFrameworksBuildPhase section */

/* Begin PBXGroup section */
		11953D6D2FA4D47A00ED707B = {
			isa = PBXGroup;
			children = (
				11953D782FA4D47A00ED707B /* VoicePen */,
				11953D862FA4D47E00ED707B /* VoicePenIntegrationTests */,
				11953D902FA4D47E00ED707B /* VoicePenUITests */,
				11953D772FA4D47A00ED707B /* Products */,
			);
			sourceTree = "<group>";
		};
		11953D772FA4D47A00ED707B /* Products */ = {
			isa = PBXGroup;
			children = (
				11953D762FA4D47A00ED707B /* VoicePen.app */,
				11953D832FA4D47E00ED707B /* VoicePenIntegrationTests.xctest */,
				11953D8D2FA4D47E00ED707B /* VoicePenUITests.xctest */,
			);
			name = Products;
			sourceTree = "<group>";
		};
/* End PBXGroup section */

/* Begin PBXNativeTarget section */
		11953D752FA4D47A00ED707B /* VoicePen */ = {
			isa = PBXNativeTarget;
			buildConfigurationList = 11953D972FA4D47E00ED707B /* Build configuration list for PBXNativeTarget "VoicePen" */;
			buildPhases = (
				11953D722FA4D47A00ED707B /* Sources */,
				11953D732FA4D47A00ED707B /* Frameworks */,
				11953D742FA4D47A00ED707B /* Resources */,
			);
			buildRules = (
			);
			dependencies = (
			);
			fileSystemSynchronizedGroups = (
				11953D782FA4D47A00ED707B /* VoicePen */,
			);
			name = VoicePen;
			packageProductDependencies = (
				11953DAB2FA4E20000ED707B /* FluidAudio */,
				11953DB12FA5000000ED707B /* whisper */,
				11953DB62FA5300000ED707B /* KeyboardShortcuts */,
				11953DB72FA5E00000ED707B /* Alamofire */,
				11953DBB2FA7000000ED707B /* Sparkle */,
				11953DBF2FA7200000ED707B /* TOMLKit */,
				11953DC22FA7200000ED707B /* Stencil */,
			);
			productName = VoicePen;
			productReference = 11953D762FA4D47A00ED707B /* VoicePen.app */;
			productType = "com.apple.product-type.application";
		};
		11953D822FA4D47E00ED707B /* VoicePenIntegrationTests */ = {
			isa = PBXNativeTarget;
			buildConfigurationList = 11953D9A2FA4D47E00ED707B /* Build configuration list for PBXNativeTarget "VoicePenIntegrationTests" */;
			buildPhases = (
				11953D7F2FA4D47E00ED707B /* Sources */,
				11953D802FA4D47E00ED707B /* Frameworks */,
				11953D812FA4D47E00ED707B /* Resources */,
			);
			buildRules = (
			);
			dependencies = (
				11953D852FA4D47E00ED707B /* PBXTargetDependency */,
			);
			fileSystemSynchronizedGroups = (
				11953D862FA4D47E00ED707B /* VoicePenIntegrationTests */,
			);
			name = VoicePenIntegrationTests;
			packageProductDependencies = (
			);
			productName = VoicePenIntegrationTests;
			productReference = 11953D832FA4D47E00ED707B /* VoicePenIntegrationTests.xctest */;
			productType = "com.apple.product-type.bundle.unit-test";
		};
		11953D8C2FA4D47E00ED707B /* VoicePenUITests */ = {
			isa = PBXNativeTarget;
			buildConfigurationList = 11953D9D2FA4D47E00ED707B /* Build configuration list for PBXNativeTarget "VoicePenUITests" */;
			buildPhases = (
				11953D892FA4D47E00ED707B /* Sources */,
				11953D8A2FA4D47E00ED707B /* Frameworks */,
				11953D8B2FA4D47E00ED707B /* Resources */,
			);
			buildRules = (
			);
			dependencies = (
				11953D8F2FA4D47E00ED707B /* PBXTargetDependency */,
			);
			fileSystemSynchronizedGroups = (
				11953D902FA4D47E00ED707B /* VoicePenUITests */,
			);
			name = VoicePenUITests;
			packageProductDependencies = (
			);
			productName = VoicePenUITests;
			productReference = 11953D8D2FA4D47E00ED707B /* VoicePenUITests.xctest */;
			productType = "com.apple.product-type.bundle.ui-testing";
		};
/* End PBXNativeTarget section */

/* Begin PBXProject section */
		11953D6E2FA4D47A00ED707B /* Project object */ = {
			isa = PBXProject;
			attributes = {
				BuildIndependentTargetsInParallel = 1;
				LastSwiftUpdateCheck = 2630;
				LastUpgradeCheck = 2630;
				TargetAttributes = {
					11953D752FA4D47A00ED707B = {
						CreatedOnToolsVersion = 26.3;
					};
					11953D822FA4D47E00ED707B = {
						CreatedOnToolsVersion = 26.3;
						TestTargetID = 11953D752FA4D47A00ED707B;
					};
					11953D8C2FA4D47E00ED707B = {
						CreatedOnToolsVersion = 26.3;
						TestTargetID = 11953D752FA4D47A00ED707B;
					};
				};
			};
			buildConfigurationList = 11953D712FA4D47A00ED707B /* Build configuration list for PBXProject "VoicePen" */;
			developmentRegion = en;
			hasScannedForEncodings = 0;
			knownRegions = (
				en,
				Base,
			);
			mainGroup = 11953D6D2FA4D47A00ED707B;
			minimizedProjectReferenceProxies = 1;
			packageReferences = (
				11953DAD2FA4E20000ED707B /* XCRemoteSwiftPackageReference "FluidAudio" */,
				11953DB22FA5000000ED707B /* XCLocalSwiftPackageReference "Vendor/whisper.spm" */,
				11953DB52FA5300000ED707B /* XCRemoteSwiftPackageReference "KeyboardShortcuts" */,
				11953DB92FA5E00000ED707B /* XCRemoteSwiftPackageReference "Alamofire" */,
				11953DBA2FA7000000ED707B /* XCRemoteSwiftPackageReference "Sparkle" */,
				11953DBD2FA7200000ED707B /* XCRemoteSwiftPackageReference "TOMLKit" */,
				11953DC02FA7200000ED707B /* XCRemoteSwiftPackageReference "Stencil" */,
			);
			preferredProjectObjectVersion = 77;
			productRefGroup = 11953D772FA4D47A00ED707B /* Products */;
			projectDirPath = "";
			projectRoot = "";
			targets = (
				11953D752FA4D47A00ED707B /* VoicePen */,
				11953D822FA4D47E00ED707B /* VoicePenIntegrationTests */,
				11953D8C2FA4D47E00ED707B /* VoicePenUITests */,
			);
		};
/* End PBXProject section */

/* Begin PBXResourcesBuildPhase section */
		11953D742FA4D47A00ED707B /* Resources */ = {
			isa = PBXResourcesBuildPhase;
			buildActionMask = 2147483647;
			files = (
			);
			runOnlyForDeploymentPostprocessing = 0;
		};
		11953D812FA4D47E00ED707B /* Resources */ = {
			isa = PBXResourcesBuildPhase;
			buildActionMask = 2147483647;
			files = (
			);
			runOnlyForDeploymentPostprocessing = 0;
		};
		11953D8B2FA4D47E00ED707B /* Resources */ = {
			isa = PBXResourcesBuildPhase;
			buildActionMask = 2147483647;
			files = (
			);
			runOnlyForDeploymentPostprocessing = 0;
		};
/* End PBXResourcesBuildPhase section */

/* Begin PBXSourcesBuildPhase section */
		11953D722FA4D47A00ED707B /* Sources */ = {
			isa = PBXSourcesBuildPhase;
			buildActionMask = 2147483647;
			files = (
			);
			runOnlyForDeploymentPostprocessing = 0;
		};
		11953D7F2FA4D47E00ED707B /* Sources */ = {
			isa = PBXSourcesBuildPhase;
			buildActionMask = 2147483647;
			files = (
			);
			runOnlyForDeploymentPostprocessing = 0;
		};
		11953D892FA4D47E00ED707B /* Sources */ = {
			isa = PBXSourcesBuildPhase;
			buildActionMask = 2147483647;
			files = (
			);
			runOnlyForDeploymentPostprocessing = 0;
		};
/* End PBXSourcesBuildPhase section */

/* Begin PBXTargetDependency section */
		11953D852FA4D47E00ED707B /* PBXTargetDependency */ = {
			isa = PBXTargetDependency;
			target = 11953D752FA4D47A00ED707B /* VoicePen */;
			targetProxy = 11953D842FA4D47E00ED707B /* PBXContainerItemProxy */;
		};
		11953D8F2FA4D47E00ED707B /* PBXTargetDependency */ = {
			isa = PBXTargetDependency;
			target = 11953D752FA4D47A00ED707B /* VoicePen */;
			targetProxy = 11953D8E2FA4D47E00ED707B /* PBXContainerItemProxy */;
		};
/* End PBXTargetDependency section */

/* Begin XCBuildConfiguration section */
		11953D952FA4D47E00ED707B /* Debug */ = {
			isa = XCBuildConfiguration;
			buildSettings = {
				ALWAYS_SEARCH_USER_PATHS = NO;
				ASSETCATALOG_COMPILER_GENERATE_SWIFT_ASSET_SYMBOL_EXTENSIONS = YES;
				CLANG_ANALYZER_NONNULL = YES;
				CLANG_ANALYZER_NUMBER_OBJECT_CONVERSION = YES_AGGRESSIVE;
				CLANG_CXX_LANGUAGE_STANDARD = "gnu++20";
				CLANG_ENABLE_MODULES = YES;
				CLANG_ENABLE_OBJC_ARC = YES;
				CLANG_ENABLE_OBJC_WEAK = YES;
				CLANG_WARN_BLOCK_CAPTURE_AUTORELEASING = YES;
				CLANG_WARN_BOOL_CONVERSION = YES;
				CLANG_WARN_COMMA = YES;
				CLANG_WARN_CONSTANT_CONVERSION = YES;
				CLANG_WARN_DEPRECATED_OBJC_IMPLEMENTATIONS = YES;
				CLANG_WARN_DIRECT_OBJC_ISA_USAGE = YES_ERROR;
				CLANG_WARN_DOCUMENTATION_COMMENTS = YES;
				CLANG_WARN_EMPTY_BODY = YES;
				CLANG_WARN_ENUM_CONVERSION = YES;
				CLANG_WARN_INFINITE_RECURSION = YES;
				CLANG_WARN_INT_CONVERSION = YES;
				CLANG_WARN_NON_LITERAL_NULL_CONVERSION = YES;
				CLANG_WARN_OBJC_IMPLICIT_RETAIN_SELF = YES;
				CLANG_WARN_OBJC_LITERAL_CONVERSION = YES;
				CLANG_WARN_OBJC_ROOT_CLASS = YES_ERROR;
				CLANG_WARN_QUOTED_INCLUDE_IN_FRAMEWORK_HEADER = YES;
				CLANG_WARN_RANGE_LOOP_ANALYSIS = YES;
				CLANG_WARN_STRICT_PROTOTYPES = YES;
				CLANG_WARN_SUSPICIOUS_MOVE = YES;
				CLANG_WARN_UNGUARDED_AVAILABILITY = YES_AGGRESSIVE;
				CLANG_WARN_UNREACHABLE_CODE = YES;
				CLANG_WARN__DUPLICATE_METHOD_MATCH = YES;
				COPY_PHASE_STRIP = NO;
				DEAD_CODE_STRIPPING = YES;
				DEBUG_INFORMATION_FORMAT = dwarf;
				ENABLE_STRICT_OBJC_MSGSEND = YES;
				ENABLE_TESTABILITY = YES;
				ENABLE_USER_SCRIPT_SANDBOXING = YES;
				GCC_C_LANGUAGE_STANDARD = gnu17;
				GCC_DYNAMIC_NO_PIC = NO;
				GCC_NO_COMMON_BLOCKS = YES;
				GCC_OPTIMIZATION_LEVEL = 0;
				GCC_PREPROCESSOR_DEFINITIONS = (
					"DEBUG=1",
					"$(inherited)",
				);
				GCC_WARN_64_TO_32_BIT_CONVERSION = YES;
				GCC_WARN_ABOUT_RETURN_TYPE = YES_ERROR;
				GCC_WARN_UNDECLARED_SELECTOR = YES;
				GCC_WARN_UNINITIALIZED_AUTOS = YES_AGGRESSIVE;
				GCC_WARN_UNUSED_FUNCTION = YES;
				GCC_WARN_UNUSED_VARIABLE = YES;
				LOCALIZATION_PREFERS_STRING_CATALOGS = YES;
				MACOSX_DEPLOYMENT_TARGET = 15.0;
				MTL_ENABLE_DEBUG_INFO = INCLUDE_SOURCE;
				MTL_FAST_MATH = YES;
				ONLY_ACTIVE_ARCH = YES;
				SDKROOT = macosx;
				STRING_CATALOG_GENERATE_SYMBOLS = YES;
				SWIFT_ACTIVE_COMPILATION_CONDITIONS = "DEBUG $(inherited)";
				SWIFT_OPTIMIZATION_LEVEL = "-Onone";
			};
			name = Debug;
		};
		11953D962FA4D47E00ED707B /* Release */ = {
			isa = XCBuildConfiguration;
			buildSettings = {
				ALWAYS_SEARCH_USER_PATHS = NO;
				ASSETCATALOG_COMPILER_GENERATE_SWIFT_ASSET_SYMBOL_EXTENSIONS = YES;
				CLANG_ANALYZER_NONNULL = YES;
				CLANG_ANALYZER_NUMBER_OBJECT_CONVERSION = YES_AGGRESSIVE;
				CLANG_CXX_LANGUAGE_STANDARD = "gnu++20";
				CLANG_ENABLE_MODULES = YES;
				CLANG_ENABLE_OBJC_ARC = YES;
				CLANG_ENABLE_OBJC_WEAK = YES;
				CLANG_WARN_BLOCK_CAPTURE_AUTORELEASING = YES;
				CLANG_WARN_BOOL_CONVERSION = YES;
				CLANG_WARN_COMMA = YES;
				CLANG_WARN_CONSTANT_CONVERSION = YES;
				CLANG_WARN_DEPRECATED_OBJC_IMPLEMENTATIONS = YES;
				CLANG_WARN_DIRECT_OBJC_ISA_USAGE = YES_ERROR;
				CLANG_WARN_DOCUMENTATION_COMMENTS = YES;
				CLANG_WARN_EMPTY_BODY = YES;
				CLANG_WARN_ENUM_CONVERSION = YES;
				CLANG_WARN_INFINITE_RECURSION = YES;
				CLANG_WARN_INT_CONVERSION = YES;
				CLANG_WARN_NON_LITERAL_NULL_CONVERSION = YES;
				CLANG_WARN_OBJC_IMPLICIT_RETAIN_SELF = YES;
				CLANG_WARN_OBJC_LITERAL_CONVERSION = YES;
				CLANG_WARN_OBJC_ROOT_CLASS = YES_ERROR;
				CLANG_WARN_QUOTED_INCLUDE_IN_FRAMEWORK_HEADER = YES;
				CLANG_WARN_RANGE_LOOP_ANALYSIS = YES;
				CLANG_WARN_STRICT_PROTOTYPES = YES;
				CLANG_WARN_SUSPICIOUS_MOVE = YES;
				CLANG_WARN_UNGUARDED_AVAILABILITY = YES_AGGRESSIVE;
				CLANG_WARN_UNREACHABLE_CODE = YES;
				CLANG_WARN__DUPLICATE_METHOD_MATCH = YES;
				COPY_PHASE_STRIP = NO;
				DEAD_CODE_STRIPPING = YES;
				DEBUG_INFORMATION_FORMAT = "dwarf-with-dsym";
				ENABLE_NS_ASSERTIONS = NO;
				ENABLE_STRICT_OBJC_MSGSEND = YES;
				ENABLE_USER_SCRIPT_SANDBOXING = YES;
				GCC_C_LANGUAGE_STANDARD = gnu17;
				GCC_NO_COMMON_BLOCKS = YES;
				GCC_WARN_64_TO_32_BIT_CONVERSION = YES;
				GCC_WARN_ABOUT_RETURN_TYPE = YES_ERROR;
				GCC_WARN_UNDECLARED_SELECTOR = YES;
				GCC_WARN_UNINITIALIZED_AUTOS = YES_AGGRESSIVE;
				GCC_WARN_UNUSED_FUNCTION = YES;
				GCC_WARN_UNUSED_VARIABLE = YES;
				LOCALIZATION_PREFERS_STRING_CATALOGS = YES;
				MACOSX_DEPLOYMENT_TARGET = 15.0;
				MTL_ENABLE_DEBUG_INFO = NO;
				MTL_FAST_MATH = YES;
				SDKROOT = macosx;
				STRING_CATALOG_GENERATE_SYMBOLS = YES;
				SWIFT_COMPILATION_MODE = wholemodule;
			};
			name = Release;
		};
		11953D982FA4D47E00ED707B /* Debug */ = {
			isa = XCBuildConfiguration;
			buildSettings = {
				ASSETCATALOG_COMPILER_APPICON_NAME = AppIcon;
				ASSETCATALOG_COMPILER_GLOBAL_ACCENT_COLOR_NAME = AccentColor;
				CODE_SIGN_STYLE = Automatic;
				COMBINE_HIDPI_IMAGES = YES;
				CURRENT_PROJECT_VERSION = 202605051511;
				DEAD_CODE_STRIPPING = YES;
				DEVELOPMENT_TEAM = PJ47M9L49X;
				ENABLE_APP_SANDBOX = NO;
				ENABLE_PREVIEWS = YES;
				ENABLE_USER_SELECTED_FILES = readonly;
				GENERATE_INFOPLIST_FILE = NO;
				INFOPLIST_FILE = "Config/VoicePen-Info.plist";
				LD_RUNPATH_SEARCH_PATHS = (
					"$(inherited)",
					"@executable_path/../Frameworks",
				);
				MARKETING_VERSION = 1.2.1;
				OTHER_SWIFT_FLAGS = "$(inherited) -Xfrontend -warn-concurrency -Xfrontend -strict-concurrency=complete";
				PRODUCT_BUNDLE_IDENTIFIER = com.khokhlachev.VoicePen.dev;
				PRODUCT_NAME = "$(TARGET_NAME)";
				REGISTER_APP_GROUPS = YES;
				STRING_CATALOG_GENERATE_SYMBOLS = YES;
				SWIFT_APPROACHABLE_CONCURRENCY = YES;
				SWIFT_DEFAULT_ACTOR_ISOLATION = MainActor;
				SWIFT_EMIT_LOC_STRINGS = YES;
				SWIFT_TREAT_WARNINGS_AS_ERRORS = YES;
				SWIFT_UPCOMING_FEATURE_MEMBER_IMPORT_VISIBILITY = YES;
				SWIFT_VERSION = 5.0;
				VP_APP_SUPPORT_FOLDER_NAME = "VoicePen Dev";
				VP_DISPLAY_NAME = "VoicePen Dev";
			};
			name = Debug;
		};
		11953D992FA4D47E00ED707B /* Release */ = {
			isa = XCBuildConfiguration;
			buildSettings = {
				ASSETCATALOG_COMPILER_APPICON_NAME = AppIcon;
				ASSETCATALOG_COMPILER_GLOBAL_ACCENT_COLOR_NAME = AccentColor;
				CODE_SIGN_STYLE = Automatic;
				COMBINE_HIDPI_IMAGES = YES;
				CURRENT_PROJECT_VERSION = 202605051511;
				DEAD_CODE_STRIPPING = YES;
				DEVELOPMENT_TEAM = PJ47M9L49X;
				ENABLE_APP_SANDBOX = NO;
				ENABLE_PREVIEWS = YES;
				ENABLE_USER_SELECTED_FILES = readonly;
				GENERATE_INFOPLIST_FILE = NO;
				INFOPLIST_FILE = "Config/VoicePen-Info.plist";
				LD_RUNPATH_SEARCH_PATHS = (
					"$(inherited)",
					"@executable_path/../Frameworks",
				);
				MARKETING_VERSION = 1.2.1;
				OTHER_SWIFT_FLAGS = "$(inherited) -Xfrontend -warn-concurrency -Xfrontend -strict-concurrency=complete";
				PRODUCT_BUNDLE_IDENTIFIER = com.khokhlachev.VoicePen;
				PRODUCT_NAME = "$(TARGET_NAME)";
				REGISTER_APP_GROUPS = YES;
				STRING_CATALOG_GENERATE_SYMBOLS = YES;
				SWIFT_APPROACHABLE_CONCURRENCY = YES;
				SWIFT_DEFAULT_ACTOR_ISOLATION = MainActor;
				SWIFT_EMIT_LOC_STRINGS = YES;
				SWIFT_TREAT_WARNINGS_AS_ERRORS = YES;
				SWIFT_UPCOMING_FEATURE_MEMBER_IMPORT_VISIBILITY = YES;
				SWIFT_VERSION = 5.0;
				VP_APP_SUPPORT_FOLDER_NAME = VoicePen;
				VP_DISPLAY_NAME = VoicePen;
			};
			name = Release;
		};
		11953D9B2FA4D47E00ED707B /* Debug */ = {
			isa = XCBuildConfiguration;
			buildSettings = {
				BUNDLE_LOADER = "$(TEST_HOST)";
				CODE_SIGN_STYLE = Automatic;
				CURRENT_PROJECT_VERSION = 202605051511;
				DEAD_CODE_STRIPPING = YES;
				GENERATE_INFOPLIST_FILE = YES;
				MACOSX_DEPLOYMENT_TARGET = 15.0;
				MARKETING_VERSION = 1.2.1;
				OTHER_SWIFT_FLAGS = "$(inherited) -Xfrontend -warn-concurrency -Xfrontend -strict-concurrency=complete";
				PRODUCT_BUNDLE_IDENTIFIER = com.khokhlachev.VoicePenIntegrationTests;
				PRODUCT_NAME = "$(TARGET_NAME)";
				STRING_CATALOG_GENERATE_SYMBOLS = NO;
				SWIFT_APPROACHABLE_CONCURRENCY = YES;
				SWIFT_EMIT_LOC_STRINGS = NO;
				SWIFT_TREAT_WARNINGS_AS_ERRORS = YES;
				SWIFT_UPCOMING_FEATURE_MEMBER_IMPORT_VISIBILITY = YES;
				SWIFT_VERSION = 5.0;
				TEST_HOST = "$(BUILT_PRODUCTS_DIR)/VoicePen.app/$(BUNDLE_EXECUTABLE_FOLDER_PATH)/VoicePen";
			};
			name = Debug;
		};
		11953D9C2FA4D47E00ED707B /* Release */ = {
			isa = XCBuildConfiguration;
			buildSettings = {
				BUNDLE_LOADER = "$(TEST_HOST)";
				CODE_SIGN_STYLE = Automatic;
				CURRENT_PROJECT_VERSION = 202605051511;
				DEAD_CODE_STRIPPING = YES;
				GENERATE_INFOPLIST_FILE = YES;
				MACOSX_DEPLOYMENT_TARGET = 15.0;
				MARKETING_VERSION = 1.2.1;
				OTHER_SWIFT_FLAGS = "$(inherited) -Xfrontend -warn-concurrency -Xfrontend -strict-concurrency=complete";
				PRODUCT_BUNDLE_IDENTIFIER = com.khokhlachev.VoicePenIntegrationTests;
				PRODUCT_NAME = "$(TARGET_NAME)";
				STRING_CATALOG_GENERATE_SYMBOLS = NO;
				SWIFT_APPROACHABLE_CONCURRENCY = YES;
				SWIFT_EMIT_LOC_STRINGS = NO;
				SWIFT_TREAT_WARNINGS_AS_ERRORS = YES;
				SWIFT_UPCOMING_FEATURE_MEMBER_IMPORT_VISIBILITY = YES;
				SWIFT_VERSION = 5.0;
				TEST_HOST = "$(BUILT_PRODUCTS_DIR)/VoicePen.app/$(BUNDLE_EXECUTABLE_FOLDER_PATH)/VoicePen";
			};
			name = Release;
		};
		11953D9E2FA4D47E00ED707B /* Debug */ = {
			isa = XCBuildConfiguration;
			buildSettings = {
				CODE_SIGN_STYLE = Automatic;
				CURRENT_PROJECT_VERSION = 202605051511;
				DEAD_CODE_STRIPPING = YES;
				GENERATE_INFOPLIST_FILE = YES;
				MARKETING_VERSION = 1.2.1;
				OTHER_SWIFT_FLAGS = "$(inherited) -Xfrontend -warn-concurrency -Xfrontend -strict-concurrency=complete";
				PRODUCT_BUNDLE_IDENTIFIER = com.khokhlachev.VoicePenUITests;
				PRODUCT_NAME = "$(TARGET_NAME)";
				STRING_CATALOG_GENERATE_SYMBOLS = NO;
				SWIFT_APPROACHABLE_CONCURRENCY = YES;
				SWIFT_EMIT_LOC_STRINGS = NO;
				SWIFT_TREAT_WARNINGS_AS_ERRORS = YES;
				SWIFT_UPCOMING_FEATURE_MEMBER_IMPORT_VISIBILITY = YES;
				SWIFT_VERSION = 5.0;
				TEST_TARGET_NAME = VoicePen;
			};
			name = Debug;
		};
		11953D9F2FA4D47E00ED707B /* Release */ = {
			isa = XCBuildConfiguration;
			buildSettings = {
				CODE_SIGN_STYLE = Automatic;
				CURRENT_PROJECT_VERSION = 202605051511;
				DEAD_CODE_STRIPPING = YES;
				GENERATE_INFOPLIST_FILE = YES;
				MARKETING_VERSION = 1.2.1;
				OTHER_SWIFT_FLAGS = "$(inherited) -Xfrontend -warn-concurrency -Xfrontend -strict-concurrency=complete";
				PRODUCT_BUNDLE_IDENTIFIER = com.khokhlachev.VoicePenUITests;
				PRODUCT_NAME = "$(TARGET_NAME)";
				STRING_CATALOG_GENERATE_SYMBOLS = NO;
				SWIFT_APPROACHABLE_CONCURRENCY = YES;
				SWIFT_EMIT_LOC_STRINGS = NO;
				SWIFT_TREAT_WARNINGS_AS_ERRORS = YES;
				SWIFT_UPCOMING_FEATURE_MEMBER_IMPORT_VISIBILITY = YES;
				SWIFT_VERSION = 5.0;
				TEST_TARGET_NAME = VoicePen;
			};
			name = Release;
		};
/* End XCBuildConfiguration section */

/* Begin XCConfigurationList section */
		11953D712FA4D47A00ED707B /* Build configuration list for PBXProject "VoicePen" */ = {
			isa = XCConfigurationList;
			buildConfigurations = (
				11953D952FA4D47E00ED707B /* Debug */,
				11953D962FA4D47E00ED707B /* Release */,
			);
			defaultConfigurationIsVisible = 0;
			defaultConfigurationName = Release;
		};
		11953D972FA4D47E00ED707B /* Build configuration list for PBXNativeTarget "VoicePen" */ = {
			isa = XCConfigurationList;
			buildConfigurations = (
				11953D982FA4D47E00ED707B /* Debug */,
				11953D992FA4D47E00ED707B /* Release */,
			);
			defaultConfigurationIsVisible = 0;
			defaultConfigurationName = Release;
		};
		11953D9A2FA4D47E00ED707B /* Build configuration list for PBXNativeTarget "VoicePenIntegrationTests" */ = {
			isa = XCConfigurationList;
			buildConfigurations = (
				11953D9B2FA4D47E00ED707B /* Debug */,
				11953D9C2FA4D47E00ED707B /* Release */,
			);
			defaultConfigurationIsVisible = 0;
			defaultConfigurationName = Release;
		};
		11953D9D2FA4D47E00ED707B /* Build configuration list for PBXNativeTarget "VoicePenUITests" */ = {
			isa = XCConfigurationList;
			buildConfigurations = (
				11953D9E2FA4D47E00ED707B /* Debug */,
				11953D9F2FA4D47E00ED707B /* Release */,
			);
			defaultConfigurationIsVisible = 0;
			defaultConfigurationName = Release;
		};
/* End XCConfigurationList section */

/* Begin XCLocalSwiftPackageReference section */
		11953DB22FA5000000ED707B /* XCLocalSwiftPackageReference "Vendor/whisper.spm" */ = {
			isa = XCLocalSwiftPackageReference;
			relativePath = Vendor/whisper.spm;
		};
/* End XCLocalSwiftPackageReference section */

/* Begin XCRemoteSwiftPackageReference section */
		11953DAD2FA4E20000ED707B /* XCRemoteSwiftPackageReference "FluidAudio" */ = {
			isa = XCRemoteSwiftPackageReference;
			repositoryURL = "https://github.com/FluidInference/FluidAudio.git";
			requirement = {
				kind = upToNextMajorVersion;
				minimumVersion = 0.12.4;
			};
		};
		11953DB52FA5300000ED707B /* XCRemoteSwiftPackageReference "KeyboardShortcuts" */ = {
			isa = XCRemoteSwiftPackageReference;
			repositoryURL = "https://github.com/sindresorhus/KeyboardShortcuts";
			requirement = {
				kind = upToNextMajorVersion;
				minimumVersion = 2.2.0;
			};
		};
		11953DB92FA5E00000ED707B /* XCRemoteSwiftPackageReference "Alamofire" */ = {
			isa = XCRemoteSwiftPackageReference;
			repositoryURL = "https://github.com/Alamofire/Alamofire.git";
			requirement = {
				kind = upToNextMajorVersion;
				minimumVersion = 5.11.2;
			};
		};
		11953DBA2FA7000000ED707B /* XCRemoteSwiftPackageReference "Sparkle" */ = {
			isa = XCRemoteSwiftPackageReference;
			repositoryURL = "https://github.com/sparkle-project/Sparkle";
			requirement = {
				kind = upToNextMajorVersion;
				minimumVersion = 2.9.1;
			};
		};
		11953DBD2FA7200000ED707B /* XCRemoteSwiftPackageReference "TOMLKit" */ = {
			isa = XCRemoteSwiftPackageReference;
			repositoryURL = "https://github.com/LebJe/TOMLKit.git";
			requirement = {
				kind = upToNextMajorVersion;
				minimumVersion = 0.6.0;
			};
		};
		11953DC02FA7200000ED707B /* XCRemoteSwiftPackageReference "Stencil" */ = {
			isa = XCRemoteSwiftPackageReference;
			repositoryURL = "https://github.com/stencilproject/Stencil.git";
			requirement = {
				kind = upToNextMajorVersion;
				minimumVersion = 0.15.1;
			};
		};
/* End XCRemoteSwiftPackageReference section */

/* Begin XCSwiftPackageProductDependency section */
		11953DAB2FA4E20000ED707B /* FluidAudio */ = {
			isa = XCSwiftPackageProductDependency;
			package = 11953DAD2FA4E20000ED707B /* XCRemoteSwiftPackageReference "FluidAudio" */;
			productName = FluidAudio;
		};
		11953DB12FA5000000ED707B /* whisper */ = {
			isa = XCSwiftPackageProductDependency;
			package = 11953DB22FA5000000ED707B /* XCLocalSwiftPackageReference "Vendor/whisper.spm" */;
			productName = whisper;
		};
		11953DB62FA5300000ED707B /* KeyboardShortcuts */ = {
			isa = XCSwiftPackageProductDependency;
			package = 11953DB52FA5300000ED707B /* XCRemoteSwiftPackageReference "KeyboardShortcuts" */;
			productName = KeyboardShortcuts;
		};
		11953DB72FA5E00000ED707B /* Alamofire */ = {
			isa = XCSwiftPackageProductDependency;
			package = 11953DB92FA5E00000ED707B /* XCRemoteSwiftPackageReference "Alamofire" */;
			productName = Alamofire;
		};
		11953DBB2FA7000000ED707B /* Sparkle */ = {
			isa = XCSwiftPackageProductDependency;
			package = 11953DBA2FA7000000ED707B /* XCRemoteSwiftPackageReference "Sparkle" */;
			productName = Sparkle;
		};
		11953DBF2FA7200000ED707B /* TOMLKit */ = {
			isa = XCSwiftPackageProductDependency;
			package = 11953DBD2FA7200000ED707B /* XCRemoteSwiftPackageReference "TOMLKit" */;
			productName = TOMLKit;
		};
		11953DC22FA7200000ED707B /* Stencil */ = {
			isa = XCSwiftPackageProductDependency;
			package = 11953DC02FA7200000ED707B /* XCRemoteSwiftPackageReference "Stencil" */;
			productName = Stencil;
		};
/* End XCSwiftPackageProductDependency section */
	};
	rootObject = 11953D6E2FA4D47A00ED707B /* Project object */;
}
